{
  "name": "petite-vue-transition",
  "version": "0.6.2",
  "lockfileVersion": 1,
  "requires": true,
  "dependencies": {
    "petite-vue": {
      "version": "0.2.3",
      "resolved": "https://registry.npmjs.org/petite-vue/-/petite-vue-0.2.3.tgz",
      "integrity": "sha512-fskhP2iG0yo2ZQ9e1pX/6htmN/14p80Oc5A9ommiTbt+U2lqTDZHu9DmGzjqfLdyuX+QTv9pCrYzim0AFu4Zww=="
    }
  }
}
